
Microsoft Visual Studio Solution File, Format Version 12.00
# Visual Studio Version 16
VisualStudioVersion = 16.0.30011.22
MinimumVisualStudioVersion = 10.0.40219.1
Project("{FAE04EC0-301F-11D3-BF4B-00C04F79EFBC}") = "RestApi.NetCore", "RestApi.NetCore\RestApi.NetCore.csproj", "{745ADF20-F6F6-4DC5-88F2-01518FE05EA2}"
EndProject
Global
	GlobalSection(SolutionConfigurationPlatforms) = preSolution
		Debug|Any CPU = Debug|Any CPU
		Release|Any CPU = Release|Any CPU
	EndGlobalSection
	GlobalSection(ProjectConfigurationPlatforms) = postSolution
		{745ADF20-F6F6-4DC5-88F2-01518FE05EA2}.Debug|Any CPU.ActiveCfg = Debug|Any CPU
		{745ADF20-F6F6-4DC5-88F2-01518FE05EA2}.Debug|Any CPU.Build.0 = Debug|Any CPU
		{745ADF20-F6F6-4DC5-88F2-01518FE05EA2}.Release|Any CPU.ActiveCfg = Release|Any CPU
		{745ADF20-F6F6-4DC5-88F2-01518FE05EA2}.Release|Any CPU.Build.0 = Release|Any CPU
	EndGlobalSection
	GlobalSection(SolutionProperties) = preSolution
		HideSolutionNode = FALSE
	EndGlobalSection
	GlobalSection(ExtensibilityGlobals) = postSolution
		SolutionGuid = {4CFD6DB9-4C0C-419C-A742-2D34C629A227}
	EndGlobalSection
EndGlobal
